# THIS IS AN AUTOGENERATED FILE. DO NOT EDIT THIS FILE DIRECTLY.
# yarn lockfile v1


"@cubejs-backend/query-orchestrator@^0.19.17":
  version "0.19.61"
  resolved "https://registry.yarnpkg.com/@cubejs-backend/query-orchestrator/-/query-orchestrator-0.19.61.tgz#a293a3603ab1249648445c55631d4d3fd7ab987f"
  integrity sha512-kngdZ66hflSyVqvzbNWhQRsXE1yZDv94Txnoj/xml2KNrfq+khWrIRS+qG6QwybHXcAIRxcOjhfsAC6VOgoaUQ==
  dependencies:
    generic-pool "^3.7.1"
    ramda "^0.27.0"
    redis "^3.0.2"

denque@^1.5.0:
  version "1.5.1"
  resolved "https://registry.yarnpkg.com/denque/-/denque-1.5.1.tgz#07f670e29c9a78f8faecb2566a1e2c11929c5cbf"
  integrity sha512-XwE+iZ4D6ZUB7mfYRMb5wByE8L74HCn30FBN7sWnXksWc1LO1bPDl67pBR9o/kC4z/xSNAwkMYcGgqDV3BE3Hw==

generic-pool@^3.7.1:
  version "3.9.0"
  resolved "https://registry.yarnpkg.com/generic-pool/-/generic-pool-3.9.0.tgz#36f4a678e963f4fdb8707eab050823abc4e8f5e4"
  integrity sha512-hymDOu5B53XvN4QT9dBmZxPX4CWhBPPLguTZ9MMFeFa/Kg0xWVfylOVNlJji/E7yTZWFd/q9GO5TxDLq156D7g==

oracledb@^4.2.0:
  version "4.2.0"
  resolved "https://registry.yarnpkg.com/oracledb/-/oracledb-4.2.0.tgz#b4d97957d206f7c2d1c2286cc80e91ff2d45fce8"
  integrity sha512-07ZylNcUB9wknsiRa7dNqDWgGK3loP8eNWuoCjsiCOZ19PA1g8QLu+0gah7ty82VXl/MOQYFCMl5OpjD9Aqjcw==

ramda@^0.27.0:
  version "0.27.0"
  resolved "https://registry.yarnpkg.com/ramda/-/ramda-0.27.0.tgz#915dc29865c0800bf3f69b8fd6c279898b59de43"
  integrity sha512-pVzZdDpWwWqEVVLshWUHjNwuVP7SfcmPraYuqocJp1yo2U1R7P+5QAfDhdItkuoGqIBnBYrtPp7rEPqDn9HlZA==

ramda@^0.27.2:
  version "0.27.2"
  resolved "https://registry.yarnpkg.com/ramda/-/ramda-0.27.2.tgz#84463226f7f36dc33592f6f4ed6374c48306c3f1"
  integrity sha512-SbiLPU40JuJniHexQSAgad32hfwd+DRUdwF2PlVuI5RZD0/vahUco7R8vD86J/tcEKKF9vZrUVwgtmGCqlCKyA==

redis-commands@^1.7.0:
  version "1.7.0"
  resolved "https://registry.yarnpkg.com/redis-commands/-/redis-commands-1.7.0.tgz#15a6fea2d58281e27b1cd1acfb4b293e278c3a89"
  integrity sha512-nJWqw3bTFy21hX/CPKHth6sfhZbdiHP6bTawSgQBlKOVRG7EZkfHbbHwQJnrE4vsQf0CMNE+3gJ4Fmm16vdVlQ==

redis-errors@^1.0.0, redis-errors@^1.2.0:
  version "1.2.0"
  resolved "https://registry.yarnpkg.com/redis-errors/-/redis-errors-1.2.0.tgz#eb62d2adb15e4eaf4610c04afe1529384250abad"
  integrity sha512-1qny3OExCf0UvUV/5wpYKf2YwPcOqXzkwKKSmKHiE6ZMQs5heeE/c8eXK+PNllPvmjgAbfnsbpkGZWy8cBpn9w==

redis-parser@^3.0.0:
  version "3.0.0"
  resolved "https://registry.yarnpkg.com/redis-parser/-/redis-parser-3.0.0.tgz#b66d828cdcafe6b4b8a428a7def4c6bcac31c8b4"
  integrity sha512-DJnGAeenTdpMEH6uAJRK/uiyEIH9WVsUmoLwzudwGJUwZPp80PDBWPHXSAGNPwNvIXAbe7MSUB1zQFugFml66A==
  dependencies:
    redis-errors "^1.0.0"

redis@^3.0.2:
  version "3.1.2"
  resolved "https://registry.yarnpkg.com/redis/-/redis-3.1.2.tgz#766851117e80653d23e0ed536254677ab647638c"
  integrity sha512-grn5KoZLr/qrRQVwoSkmzdbw6pwF+/rwODtrOr6vuBRiR/f3rjSTGupbF90Zpqm2oenix8Do6RV7pYEkGwlKkw==
  dependencies:
    denque "^1.5.0"
    redis-commands "^1.7.0"
    redis-errors "^1.2.0"
    redis-parser "^3.0.0"
